<Solution>
  <Folder Name="/GitHub Action/">
    <File Path="../.github/workflows/build.yml" />
    <File Path="../.github/workflows/notes.yml" />
    <File Path="../.github/workflows/release.yml" />
    <File Path="../.github/workflows/test.yml" />
  </Folder>
  <Folder Name="/Solution Files/">
    <File Path="Directory.Build.props" />
    <File Path="Directory.Packages.props" />
  </Folder>
  <Project Path="AmazTool/AmazTool.csproj" />
  <Project Path="GlobalHotKeys/src/GlobalHotKeys/GlobalHotKeys.csproj" />
  <Project Path="ServiceLib.Tests/ServiceLib.Tests.csproj" />
  <Project Path="ServiceLib.UdpTest/ServiceLib.UdpTest.csproj" Id="77930428-4dc4-4130-9031-6b9e714f5d20" />
  <Project Path="ServiceLib/ServiceLib.csproj" />
  <Project Path="departament.Desktop/departament.Desktop.csproj" />
</Solution>
